<?xml version="1.0" encoding="utf-8"?>
<Project ToolsVersion="4.0" xmlns="http://schemas.microsoft.com/developer/msbuild/2003">
  <ItemGroup>
    <Filter Include="gui">
      <UniqueIdentifier>{c65a3699-c59e-40ea-a78e-43c7d2889816}</UniqueIdentifier>
    </Filter>
    <Filter Include="model">
      <UniqueIdentifier>{e39ef0a5-2628-46ce-a543-46ca9d0ed922}</UniqueIdentifier>
    </Filter>
    <Filter Include="model\classes">
      <UniqueIdentifier>{6176dead-0ef6-4cae-8105-e7c82d27d1d5}</UniqueIdentifier>
    </Filter>
    <Filter Include="client">
      <UniqueIdentifier>{470d65b4-c275-4c9b-912f-bc5d3fa53b5d}</UniqueIdentifier>
    </Filter>
    <Filter Include="gui\icons">
      <UniqueIdentifier>{2feff78a-35a0-4206-b204-73ad2d7e31ac}</UniqueIdentifier>
    </Filter>
    <Filter Include="gui\qt">
      <UniqueIdentifier>{d896dc14-51e2-49c1-b13a-5bb15856b7a9}</UniqueIdentifier>
    </Filter>
    <Filter Include="gui\qt\qml">
      <UniqueIdentifier>{c5d2407b-f979-4280-bbc4-1c23dbc9861d}</UniqueIdentifier>
    </Filter>
    <Filter Include="gui\qt\qml\GPRunner">
      <UniqueIdentifier>{19cd1119-520e-4346-8961-cbb91917bd75}</UniqueIdentifier>
    </Filter>
    <Filter Include="gui\qt\qml\GPRunner\pipelines">
      <UniqueIdentifier>{ba0f0512-17db-4fd8-96ce-75912eaa10d9}</UniqueIdentifier>
    </Filter>
    <Filter Include="gui\qt\qml\GPRunner\mr">
      <UniqueIdentifier>{094509e9-9ac2-4a7f-8737-c1e33213ff28}</UniqueIdentifier>
    </Filter>
    <Filter Include="gui\qt\qml\GPRunner\discussions">
      <UniqueIdentifier>{dc8a5a75-6660-4fb0-8c92-633a0bee1e9f}</UniqueIdentifier>
    </Filter>
    <Filter Include="gui\qt\qml\GPRunner\common">
      <UniqueIdentifier>{7c847ada-0393-45da-bcc2-a61ad547edc4}</UniqueIdentifier>
    </Filter>
  </ItemGroup>
  <ItemGroup>
    <ClCompile Include="src\model\VariableModel.cpp">
      <Filter>model</Filter>
    </ClCompile>
    <ClCompile Include="src\model\ProjectModel.cpp">
      <Filter>model</Filter>
    </ClCompile>
    <ClCompile Include="src\model\PipelineModel.cpp">
      <Filter>model</Filter>
    </ClCompile>
    <ClCompile Include="src\model\MRModel.cpp">
      <Filter>model</Filter>
    </ClCompile>
    <ClCompile Include="src\main.cpp" />
    <ClCompile Include="src\GPManager.cpp" />
    <ClCompile Include="src\model\classes\Project.cpp">
      <Filter>model\classes</Filter>
    </ClCompile>
    <ClCompile Include="src\model\classes\MR.cpp">
      <Filter>model\classes</Filter>
    </ClCompile>
    <ClCompile Include="src\model\classes\Pipeline.cpp">
      <Filter>model\classes</Filter>
    </ClCompile>
    <ClCompile Include="src\model\classes\Parser.cpp">
      <Filter>model\classes</Filter>
    </ClCompile>
    <ClCompile Include="src\client\Client.cpp">
      <Filter>client</Filter>
    </ClCompile>
    <ClCompile Include="src\model\DiscussionModel.cpp">
      <Filter>model</Filter>
    </ClCompile>
    <ClCompile Include="src\model\classes\Discussion.cpp">
      <Filter>model\classes</Filter>
    </ClCompile>
    <ClCompile Include="src\model\classes\Note.cpp">
      <Filter>model\classes</Filter>
    </ClCompile>
    <ClCompile Include="src\model\classes\Job.cpp">
      <Filter>model\classes</Filter>
    </ClCompile>
    <ClCompile Include="src\model\JobModel.cpp">
      <Filter>model</Filter>
    </ClCompile>
  </ItemGroup>
  <ItemGroup>
    <QtMoc Include="src\model\VariableModel.h">
      <Filter>model</Filter>
    </QtMoc>
    <QtMoc Include="src\model\ProjectModel.h">
      <Filter>model</Filter>
    </QtMoc>
    <QtMoc Include="src\model\PipelineModel.h">
      <Filter>model</Filter>
    </QtMoc>
    <QtMoc Include="src\model\MRModel.h">
      <Filter>model</Filter>
    </QtMoc>
    <QtMoc Include="src\GPManager.h" />
    <QtMoc Include="src\model\classes\Project.h">
      <Filter>model\classes</Filter>
    </QtMoc>
    <QtMoc Include="src\model\classes\MR.h">
      <Filter>model\classes</Filter>
    </QtMoc>
    <QtMoc Include="src\model\classes\Pipeline.h">
      <Filter>model\classes</Filter>
    </QtMoc>
    <QtMoc Include="src\model\DiscussionModel.h">
      <Filter>model</Filter>
    </QtMoc>
    <QtMoc Include="src\model\classes\GPClasses.h">
      <Filter>model\classes</Filter>
    </QtMoc>
    <QtMoc Include="src\model\classes\Discussion.h">
      <Filter>model\classes</Filter>
    </QtMoc>
    <QtMoc Include="src\model\classes\Note.h">
      <Filter>model\classes</Filter>
    </QtMoc>
    <QtMoc Include="src\model\classes\Job.h">
      <Filter>model\classes</Filter>
    </QtMoc>
    <QtMoc Include="src\model\JobModel.h">
      <Filter>model</Filter>
    </QtMoc>
  </ItemGroup>
  <ItemGroup>
    <None Include="src\cpp.hint" />
    <None Include="src\gui\emojis.json">
      <Filter>gui</Filter>
    </None>
    <None Include="src\gui\qt\qml\GPRunner\Common\DatePicker.qml">
      <Filter>gui\qt\qml\GPRunner\common</Filter>
    </None>
    <None Include="src\gui\qt\qml\GPRunner\Common\DefaultToolTip.qml">
      <Filter>gui\qt\qml\GPRunner\common</Filter>
    </None>
    <None Include="src\gui\qt\qml\GPRunner\Common\EmojiButton.qml">
      <Filter>gui\qt\qml\GPRunner\common</Filter>
    </None>
    <None Include="src\gui\qt\qml\GPRunner\Discussions\DiscussionNoteDialog.qml">
      <Filter>gui\qt\qml\GPRunner\discussions</Filter>
    </None>
    <None Include="src\gui\qt\qml\GPRunner\Discussions\DiscussionDelegate.qml">
      <Filter>gui\qt\qml\GPRunner\discussions</Filter>
    </None>
    <None Include="src\gui\qt\qml\GPRunner\Common\HorizontalSpacer.qml">
      <Filter>gui\qt\qml\GPRunner\common</Filter>
    </None>
    <None Include="src\gui\qt\qml\GPRunner\Discussions\MergeRequestDiscussions.qml">
      <Filter>gui\qt\qml\GPRunner\discussions</Filter>
    </None>
    <None Include="src\gui\qt\qml\GPRunner\MR\MergeRequests.qml">
      <Filter>gui\qt\qml\GPRunner\mr</Filter>
    </None>
    <None Include="src\gui\qt\qml\GPRunner\MR\MergeRequestTableDelegate.qml">
      <Filter>gui\qt\qml\GPRunner\mr</Filter>
    </None>
    <None Include="src\gui\qt\qml\GPRunner\MR\MrDelegate.qml">
      <Filter>gui\qt\qml\GPRunner\mr</Filter>
    </None>
    <None Include="src\gui\qt\qml\GPRunner\MR\MRTable.qml">
      <Filter>gui\qt\qml\GPRunner\mr</Filter>
    </None>
    <None Include="src\gui\qt\qml\GPRunner\MR\MrUser.qml">
      <Filter>gui\qt\qml\GPRunner\mr</Filter>
    </None>
    <None Include="src\gui\qt\qml\GPRunner\Pipelines\PipelineJobs.qml">
      <Filter>gui\qt\qml\GPRunner\pipelines</Filter>
    </None>
    <None Include="src\gui\qt\qml\GPRunner\Pipelines\Pipelines.qml">
      <Filter>gui\qt\qml\GPRunner\pipelines</Filter>
    </None>
    <None Include="src\gui\qt\qml\GPRunner\Pipelines\PipelineStatistics.qml">
      <Filter>gui\qt\qml\GPRunner\pipelines</Filter>
    </None>
    <None Include="src\gui\qt\qml\GPRunner\Pipelines\PipelineTable.qml">
      <Filter>gui\qt\qml\GPRunner\pipelines</Filter>
    </None>
    <None Include="src\gui\qt\qml\GPRunner\Pipelines\PipelineVariablesTable.qml">
      <Filter>gui\qt\qml\GPRunner\pipelines</Filter>
    </None>
    <None Include="src\gui\qt\qml\GPRunner\Pipelines\StartPipeline.qml">
      <Filter>gui\qt\qml\GPRunner\pipelines</Filter>
    </None>
    <None Include="src\gui\qt\qml\GPRunner\Common\VerticalSpacer.qml">
      <Filter>gui\qt\qml\GPRunner\common</Filter>
    </None>
    <None Include="src\gui\qt\qml\GPRunner\Common\User.qml">
      <Filter>gui\qt\qml\GPRunner\common</Filter>
    </None>
    <None Include="src\gui\qt\qml\GPRunner\Common\UnreadMarker.qml">
      <Filter>gui\qt\qml\GPRunner\common</Filter>
    </None>
    <None Include="src\gui\qt\qml\GPRunner\Common\TextLinkButton.qml">
      <Filter>gui\qt\qml\GPRunner\common</Filter>
    </None>
    <None Include="src\gui\qt\qml\GPRunner\Common\Utility.js">
      <Filter>gui\qt\qml\GPRunner\common</Filter>
    </None>
    <None Include="src\gui\qt\qml\GPRunner\Main.qml">
      <Filter>gui\qt\qml\GPRunner</Filter>
    </None>
    <None Include="src\gui\qt\qml\GPRunner\qmldir">
      <Filter>gui\qt\qml\GPRunner</Filter>
    </None>
    <None Include="src\gui\qt\qml\GPRunner\ProjectList.qml">
      <Filter>gui\qt\qml\GPRunner</Filter>
    </None>
    <None Include="src\gui\qt\qml\GPRunner\Discussions\DiscussionNoteDelegate.qml">
      <Filter>gui\qt\qml\GPRunner\discussions</Filter>
    </None>
  </ItemGroup>
  <ItemGroup>
    <ClInclude Include="src\model\classes\Parser.h">
      <Filter>model\classes</Filter>
    </ClInclude>
    <ClInclude Include="src\client\Client.h">
      <Filter>client</Filter>
    </ClInclude>
    <ClInclude Include="src\ImageProvider.h" />
    <ClInclude Include="src\resource.h" />
  </ItemGroup>
  <ItemGroup>
    <ResourceCompile Include="src\GPRunner.rc" />
  </ItemGroup>
  <ItemGroup>
    <Image Include="src\gui\icons\gitlab-green.png">
      <Filter>gui\icons</Filter>
    </Image>
    <Image Include="src\gui\icons\gitlab-green.ico">
      <Filter>gui\icons</Filter>
    </Image>
  </ItemGroup>
  <ItemGroup>
    <QtRcc Include="src\gui\qml.qrc">
      <Filter>gui</Filter>
    </QtRcc>
  </ItemGroup>
</Project>