<?xml version="1.0" encoding="utf-8"?>
<Project ToolsVersion="4.0" xmlns="http://schemas.microsoft.com/developer/msbuild/2003">
  <ItemGroup>
    <Filter Include="gui">
      <UniqueIdentifier>{c65a3699-c59e-40ea-a78e-43c7d2889816}</UniqueIdentifier>
    </Filter>
    <Filter Include="model">
      <UniqueIdentifier>{e39ef0a5-2628-46ce-a543-46ca9d0ed922}</UniqueIdentifier>
    </Filter>
    <Filter Include="model\classes">
      <UniqueIdentifier>{6176dead-0ef6-4cae-8105-e7c82d27d1d5}</UniqueIdentifier>
    </Filter>
    <Filter Include="client">
      <UniqueIdentifier>{470d65b4-c275-4c9b-912f-bc5d3fa53b5d}</UniqueIdentifier>
    </Filter>
    <Filter Include="gui\mr">
      <UniqueIdentifier>{094509e9-9ac2-4a7f-8737-c1e33213ff28}</UniqueIdentifier>
    </Filter>
    <Filter Include="gui\common">
      <UniqueIdentifier>{7c847ada-0393-45da-bcc2-a61ad547edc4}</UniqueIdentifier>
    </Filter>
    <Filter Include="gui\pipelines">
      <UniqueIdentifier>{ba0f0512-17db-4fd8-96ce-75912eaa10d9}</UniqueIdentifier>
    </Filter>
    <Filter Include="gui\discussions">
      <UniqueIdentifier>{dc8a5a75-6660-4fb0-8c92-633a0bee1e9f}</UniqueIdentifier>
    </Filter>
    <Filter Include="gui\icons">
      <UniqueIdentifier>{2feff78a-35a0-4206-b204-73ad2d7e31ac}</UniqueIdentifier>
    </Filter>
  </ItemGroup>
  <ItemGroup>
    <ClCompile Include="src\model\VariableModel.cpp">
      <Filter>model</Filter>
    </ClCompile>
    <ClCompile Include="src\model\ProjectModel.cpp">
      <Filter>model</Filter>
    </ClCompile>
    <ClCompile Include="src\model\PipelineModel.cpp">
      <Filter>model</Filter>
    </ClCompile>
    <ClCompile Include="src\model\MRModel.cpp">
      <Filter>model</Filter>
    </ClCompile>
    <ClCompile Include="src\main.cpp" />
    <ClCompile Include="src\GPManager.cpp" />
    <ClCompile Include="src\model\classes\Project.cpp">
      <Filter>model\classes</Filter>
    </ClCompile>
    <ClCompile Include="src\model\classes\MR.cpp">
      <Filter>model\classes</Filter>
    </ClCompile>
    <ClCompile Include="src\model\classes\Pipeline.cpp">
      <Filter>model\classes</Filter>
    </ClCompile>
    <ClCompile Include="src\model\classes\Parser.cpp">
      <Filter>model\classes</Filter>
    </ClCompile>
    <ClCompile Include="src\client\Client.cpp">
      <Filter>client</Filter>
    </ClCompile>
    <ClCompile Include="src\model\DiscussionModel.cpp">
      <Filter>model</Filter>
    </ClCompile>
    <ClCompile Include="src\model\classes\Discussion.cpp">
      <Filter>model\classes</Filter>
    </ClCompile>
    <ClCompile Include="src\model\classes\Note.cpp">
      <Filter>model\classes</Filter>
    </ClCompile>
    <ClCompile Include="src\model\classes\Job.cpp">
      <Filter>model\classes</Filter>
    </ClCompile>
    <ClCompile Include="src\model\JobModel.cpp">
      <Filter>model</Filter>
    </ClCompile>
  </ItemGroup>
  <ItemGroup>
    <QtMoc Include="src\model\VariableModel.h">
      <Filter>model</Filter>
    </QtMoc>
    <QtMoc Include="src\model\ProjectModel.h">
      <Filter>model</Filter>
    </QtMoc>
    <QtMoc Include="src\model\PipelineModel.h">
      <Filter>model</Filter>
    </QtMoc>
    <QtMoc Include="src\model\MRModel.h">
      <Filter>model</Filter>
    </QtMoc>
    <QtMoc Include="src\GPManager.h" />
    <QtMoc Include="src\model\classes\Project.h">
      <Filter>model\classes</Filter>
    </QtMoc>
    <QtMoc Include="src\model\classes\MR.h">
      <Filter>model\classes</Filter>
    </QtMoc>
    <QtMoc Include="src\model\classes\Pipeline.h">
      <Filter>model\classes</Filter>
    </QtMoc>
    <QtMoc Include="src\model\DiscussionModel.h">
      <Filter>model</Filter>
    </QtMoc>
    <QtMoc Include="src\model\classes\GPClasses.h">
      <Filter>model\classes</Filter>
    </QtMoc>
    <QtMoc Include="src\model\classes\Discussion.h">
      <Filter>model\classes</Filter>
    </QtMoc>
    <QtMoc Include="src\model\classes\Note.h">
      <Filter>model\classes</Filter>
    </QtMoc>
    <QtMoc Include="src\model\classes\Job.h">
      <Filter>model\classes</Filter>
    </QtMoc>
    <QtMoc Include="src\model\JobModel.h">
      <Filter>model</Filter>
    </QtMoc>
  </ItemGroup>
  <ItemGroup>
    <None Include="src\cpp.hint" />
    <None Include="src\gui\main.qml">
      <Filter>gui</Filter>
    </None>
    <None Include="src\gui\ProjectList.qml">
      <Filter>gui</Filter>
    </None>
    <None Include="src\gui\mr\MRTable.qml">
      <Filter>gui\mr</Filter>
    </None>
    <None Include="src\gui\mr\MergeRequests.qml">
      <Filter>gui\mr</Filter>
    </None>
    <None Include="src\gui\common\DatePicker.qml">
      <Filter>gui\common</Filter>
    </None>
    <None Include="src\gui\common\DefaultToolTip.qml">
      <Filter>gui\common</Filter>
    </None>
    <None Include="src\gui\common\HorizontalSpacer.qml">
      <Filter>gui\common</Filter>
    </None>
    <None Include="src\gui\common\TextLinkButton.qml">
      <Filter>gui\common</Filter>
    </None>
    <None Include="src\gui\common\UnreadMarker.qml">
      <Filter>gui\common</Filter>
    </None>
    <None Include="src\gui\common\VerticalSpacer.qml">
      <Filter>gui\common</Filter>
    </None>
    <None Include="src\gui\common\Utility.js">
      <Filter>gui\common</Filter>
    </None>
    <None Include="src\gui\pipelines\PipelineVariablesTable.qml">
      <Filter>gui\pipelines</Filter>
    </None>
    <None Include="src\gui\pipelines\Pipelines.qml">
      <Filter>gui\pipelines</Filter>
    </None>
    <None Include="src\gui\pipelines\PipelineStatistics.qml">
      <Filter>gui\pipelines</Filter>
    </None>
    <None Include="src\gui\pipelines\PipelineTable.qml">
      <Filter>gui\pipelines</Filter>
    </None>
    <None Include="src\gui\discussions\DiscussionNoteDialog.qml">
      <Filter>gui\discussions</Filter>
    </None>
    <None Include="src\gui\discussions\DiscussionDelegate.qml">
      <Filter>gui\discussions</Filter>
    </None>
    <None Include="src\gui\discussions\MergeRequestDiscussions.qml">
      <Filter>gui\discussions</Filter>
    </None>
    <None Include="src\gui\mr\MergeRequestTableDelegate.qml">
      <Filter>gui\mr</Filter>
    </None>
    <None Include="src\gui\emojis.json">
      <Filter>gui</Filter>
    </None>
    <None Include="src\gui\pipelines\PipelineJobs.qml">
      <Filter>gui\pipelines</Filter>
    </None>
    <None Include="src\gui\pipelines\StartPipeline.qml">
      <Filter>gui\pipelines</Filter>
    </None>
    <None Include="src\gui\common\EmojiButton.qml">
      <Filter>gui\common</Filter>
    </None>
    <None Include="src\gui\mr\MrDelegate.qml">
      <Filter>gui\mr</Filter>
    </None>
    <None Include="src\gui\common\User.qml">
      <Filter>gui\common</Filter>
    </None>
    <None Include="src\gui\mr\MrUser.qml">
      <Filter>gui\mr</Filter>
    </None>
  </ItemGroup>
  <ItemGroup>
    <QtRcc Include="src\gui\qml.qrc">
      <Filter>gui</Filter>
    </QtRcc>
  </ItemGroup>
  <ItemGroup>
    <ClInclude Include="src\model\classes\Parser.h">
      <Filter>model\classes</Filter>
    </ClInclude>
    <ClInclude Include="src\client\Client.h">
      <Filter>client</Filter>
    </ClInclude>
    <ClInclude Include="src\ImageProvider.h" />
    <ClInclude Include="src\resource.h" />
  </ItemGroup>
  <ItemGroup>
    <ResourceCompile Include="src\GPRunner.rc" />
  </ItemGroup>
  <ItemGroup>
    <Image Include="src\gui\icons\gitlab-green.png">
      <Filter>gui\icons</Filter>
    </Image>
    <Image Include="src\gui\icons\gitlab-green.ico">
      <Filter>gui\icons</Filter>
    </Image>
  </ItemGroup>
</Project>