<?xml version="1.0" encoding="utf-8"?>
<Project ToolsVersion="4.0" xmlns="http://schemas.microsoft.com/developer/msbuild/2003">
  <ItemGroup>
    <Filter Include="Source Files">
      <UniqueIdentifier>{4FC737F1-C7A5-4376-A066-2A32D752A2FF}</UniqueIdentifier>
      <Extensions>qml;cpp;c;cc;cxx;def;odl;idl;hpj;bat;asm;asmx</Extensions>
    </Filter>
    <Filter Include="Header Files">
      <UniqueIdentifier>{93995380-89BD-4b04-88EB-625FBE52EBFB}</UniqueIdentifier>
      <Extensions>h;hh;hpp;hxx;hm;inl;inc;xsd</Extensions>
    </Filter>
    <Filter Include="gui">
      <UniqueIdentifier>{c65a3699-c59e-40ea-a78e-43c7d2889816}</UniqueIdentifier>
    </Filter>
  </ItemGroup>
  <ItemGroup>
    <ClCompile Include="main.cpp">
      <Filter>Source Files</Filter>
    </ClCompile>
    <ClCompile Include="GPManager.cpp">
      <Filter>Source Files</Filter>
    </ClCompile>
    <ClCompile Include="ProjectModel.cpp">
      <Filter>Source Files</Filter>
    </ClCompile>
    <ClCompile Include="PipelineModel.cpp">
      <Filter>Source Files</Filter>
    </ClCompile>
    <ClCompile Include="VariableModel.cpp">
      <Filter>Source Files</Filter>
    </ClCompile>
    <ClCompile Include="MRModel.cpp">
      <Filter>Source Files</Filter>
    </ClCompile>
  </ItemGroup>
  <ItemGroup>
    <QtMoc Include="GPManager.h">
      <Filter>Header Files</Filter>
    </QtMoc>
    <QtMoc Include="ProjectModel.h">
      <Filter>Header Files</Filter>
    </QtMoc>
    <QtMoc Include="PipelineModel.h">
      <Filter>Header Files</Filter>
    </QtMoc>
    <QtMoc Include="VariableModel.h">
      <Filter>Header Files</Filter>
    </QtMoc>
    <QtMoc Include="MRModel.h">
      <Filter>Header Files</Filter>
    </QtMoc>
  </ItemGroup>
  <ItemGroup>
    <ClInclude Include="GPClasses.h">
      <Filter>Header Files</Filter>
    </ClInclude>
  </ItemGroup>
  <ItemGroup>
    <None Include="cpp.hint" />
    <None Include="gui\main.qml">
      <Filter>gui</Filter>
    </None>
    <None Include="gui\PipelineTable.qml">
      <Filter>gui</Filter>
    </None>
    <None Include="gui\ProjectList.qml">
      <Filter>gui</Filter>
    </None>
    <None Include="gui\PipelineVariables.qml">
      <Filter>gui</Filter>
    </None>
    <None Include=".clang-format" />
    <None Include="gui\CommonHeaderView.qml">
      <Filter>gui</Filter>
    </None>
    <None Include="gui\MRTable.qml">
      <Filter>gui</Filter>
    </None>
  </ItemGroup>
  <ItemGroup>
    <QtRcc Include="gui\qml.qrc">
      <Filter>gui</Filter>
    </QtRcc>
  </ItemGroup>
</Project>